
Microsoft Visual Studio Solution File, Format Version 12.00
# Visual Studio 15
VisualStudioVersion = 15.0.27703.2042
MinimumVisualStudioVersion = 10.0.40219.1
Project("{FAE04EC0-301F-11D3-BF4B-00C04F79EFBC}") = "Stori", "Stori\Stori.csproj", "{61D2E708-A1A5-48EF-BDF9-95CE44A521FC}"
EndProject
Global
	GlobalSection(SolutionConfigurationPlatforms) = preSolution
		Debug|Any CPU = Debug|Any CPU
		Release|Any CPU = Release|Any CPU
	EndGlobalSection
	GlobalSection(ProjectConfigurationPlatforms) = postSolution
		{61D2E708-A1A5-48EF-BDF9-95CE44A521FC}.Debug|Any CPU.ActiveCfg = Debug|Any CPU
		{61D2E708-A1A5-48EF-BDF9-95CE44A521FC}.Debug|Any CPU.Build.0 = Debug|Any CPU
		{61D2E708-A1A5-48EF-BDF9-95CE44A521FC}.Release|Any CPU.ActiveCfg = Release|Any CPU
		{61D2E708-A1A5-48EF-BDF9-95CE44A521FC}.Release|Any CPU.Build.0 = Release|Any CPU
	EndGlobalSection
	GlobalSection(SolutionProperties) = preSolution
		HideSolutionNode = FALSE
	EndGlobalSection
	GlobalSection(ExtensibilityGlobals) = postSolution
		SolutionGuid = {9BF77E57-D4CB-4F15-9008-9580FB125F88}
	EndGlobalSection
EndGlobal
